{
  "nodes": {
    "agda": {
      "inputs": {
        "flake-parts": "flake-parts",
        "ghc-wasm": "ghc-wasm",
        "nixpkgs": "nixpkgs_2"
      },
      "locked": {
        "lastModified": 1775233973,
        "narHash": "sha256-jr4eDgQtXHcap/ZzPjYeEMu3RcStBRTvixLOes4yh+c=",
        "owner": "agda",
        "repo": "agda",
        "rev": "295c60c79cd49e880b9f07add98462f1b82d26f2",
        "type": "github"
      },
      "original": {
        "owner": "agda",
        "repo": "agda",
        "type": "github"
      }
    },
    "canonical": {
      "flake": false,
      "locked": {
        "lastModified": 1751312720,
        "narHash": "sha256-vQ1rhZvYLcfCy9Yr9bnLmAkZPJiLUjPPLNhgDgaaNmc=",
        "owner": "chasenorman",
        "repo": "CanonicalLean",
        "rev": "062f62a0bc9aeb4fe9a747fdb7b1aa568d08596c",
        "type": "github"
      },
      "original": {
        "owner": "chasenorman",
        "repo": "CanonicalLean",
        "rev": "062f62a0bc9aeb4fe9a747fdb7b1aa568d08596c",
        "type": "github"
      }
    },
    "cubical": {
      "inputs": {
        "agda": [
          "agda"
        ],
        "flake-compat": "flake-compat",
        "flake-utils": [
          "flake-utils"
        ],
        "nixpkgs": [
          "nixpkgs"
        ]
      },
      "locked": {
        "lastModified": 1774856631,
        "narHash": "sha256-1fWypSCapLL9pTpBPkoz6plpMcdYeS7QzuYGUraJyTo=",
        "owner": "agda",
        "repo": "cubical",
        "rev": "5c1bccf5d4868f854a78fdc11f68593c17f41aad",
        "type": "github"
      },
      "original": {
        "owner": "agda",
        "repo": "cubical",
        "type": "github"
      }
    },
    "flake-compat": {
      "flake": false,
      "locked": {
        "lastModified": 1767039857,
        "narHash": "sha256-vNpUSpF5Nuw8xvDLj2KCwwksIbjua2LZCqhV1LNRDns=",
        "owner": "edolstra",
        "repo": "flake-compat",
        "rev": "5edf11c44bc78a0d334f6334cdaf7d60d732daab",
        "type": "github"
      },
      "original": {
        "owner": "edolstra",
        "repo": "flake-compat",
        "type": "github"
      }
    },
    "flake-parts": {
      "inputs": {
        "nixpkgs-lib": "nixpkgs-lib"
      },
      "locked": {
        "lastModified": 1701473968,
        "narHash": "sha256-YcVE5emp1qQ8ieHUnxt1wCZCC3ZfAS+SRRWZ2TMda7E=",
        "owner": "hercules-ci",
        "repo": "flake-parts",
        "rev": "34fed993f1674c8d06d58b37ce1e0fe5eebcb9f5",
        "type": "github"
      },
      "original": {
        "owner": "hercules-ci",
        "repo": "flake-parts",
        "type": "github"
      }
    },
    "flake-parts_2": {
      "inputs": {
        "nixpkgs-lib": "nixpkgs-lib_2"
      },
      "locked": {
        "lastModified": 1765835352,
        "narHash": "sha256-XswHlK/Qtjasvhd1nOa1e8MgZ8GS//jBoTqWtrS1Giw=",
        "owner": "hercules-ci",
        "repo": "flake-parts",
        "rev": "a34fae9c08a15ad73f295041fec82323541400a9",
        "type": "github"
      },
      "original": {
        "owner": "hercules-ci",
        "repo": "flake-parts",
        "type": "github"
      }
    },
    "flake-utils": {
      "inputs": {
        "systems": "systems"
      },
      "locked": {
        "lastModified": 1731533236,
        "narHash": "sha256-l0KFg5HjrsfsO/JpG+r7fRrqm12kzFHyUHqHCVpMMbI=",
        "owner": "numtide",
        "repo": "flake-utils",
        "rev": "11707dc2f618dd54ca8739b309ec4fc024de578b",
        "type": "github"
      },
      "original": {
        "owner": "numtide",
        "repo": "flake-utils",
        "type": "github"
      }
    },
    "flake-utils_2": {
      "inputs": {
        "systems": "systems_2"
      },
      "locked": {
        "lastModified": 1731533236,
        "narHash": "sha256-l0KFg5HjrsfsO/JpG+r7fRrqm12kzFHyUHqHCVpMMbI=",
        "owner": "numtide",
        "repo": "flake-utils",
        "rev": "11707dc2f618dd54ca8739b309ec4fc024de578b",
        "type": "github"
      },
      "original": {
        "owner": "numtide",
        "repo": "flake-utils",
        "type": "github"
      }
    },
    "ghc-wasm": {
      "inputs": {
        "flake-utils": "flake-utils",
        "nixpkgs": "nixpkgs"
      },
      "locked": {
        "lastModified": 1764532453,
        "narHash": "sha256-83PtOfCHZhby/isbpHiEG61BkoPK42zCi0lr3JTRStw=",
        "ref": "refs/heads/master",
        "rev": "01679cb5e8c6ed1c80218ce09f2d10766c1a5b1d",
        "revCount": 450,
        "type": "git",
        "url": "https://gitlab.haskell.org/haskell-wasm/ghc-wasm-meta.git"
      },
      "original": {
        "type": "git",
        "url": "https://gitlab.haskell.org/haskell-wasm/ghc-wasm-meta.git"
      }
    },
    "lean4-nix": {
      "inputs": {
        "flake-parts": "flake-parts_2",
        "nixpkgs": [
          "nixpkgs"
        ]
      },
      "locked": {
        "lastModified": 1775267043,
        "narHash": "sha256-yUCn4Wc5kLboN9JHom/SJAknn7aoSEDyerqFq3k7g0I=",
        "owner": "lenianiva",
        "repo": "lean4-nix",
        "rev": "56e917e2766385d0b096ea8be9c40ae54bfe138a",
        "type": "github"
      },
      "original": {
        "owner": "lenianiva",
        "repo": "lean4-nix",
        "type": "github"
      }
    },
    "mathlib": {
      "flake": false,
      "locked": {
        "lastModified": 1751257978,
        "narHash": "sha256-njLDi5pc8vL5juagHGBzZHgOssTsyZR/hB9ZKZ/y7eQ=",
        "owner": "leanprover-community",
        "repo": "mathlib4",
        "rev": "308445d7985027f538e281e18df29ca16ede2ba3",
        "type": "github"
      },
      "original": {
        "owner": "leanprover-community",
        "repo": "mathlib4",
        "rev": "308445d7985027f538e281e18df29ca16ede2ba3",
        "type": "github"
      }
    },
    "nixpkgs": {
      "locked": {
        "lastModified": 1759326671,
        "narHash": "sha256-h9jyjb62WDgKs0MBUDFhSlV3F4n+64ygJeo3ijhEF80=",
        "owner": "NixOS",
        "repo": "nixpkgs",
        "rev": "840e8405978644a20844b54e70a09b518f5c7709",
        "type": "github"
      },
      "original": {
        "owner": "NixOS",
        "ref": "nixos-25.05",
        "repo": "nixpkgs",
        "type": "github"
      }
    },
    "nixpkgs-lib": {
      "locked": {
        "dir": "lib",
        "lastModified": 1701253981,
        "narHash": "sha256-ztaDIyZ7HrTAfEEUt9AtTDNoCYxUdSd6NrRHaYOIxtk=",
        "owner": "NixOS",
        "repo": "nixpkgs",
        "rev": "e92039b55bcd58469325ded85d4f58dd5a4eaf58",
        "type": "github"
      },
      "original": {
        "dir": "lib",
        "owner": "NixOS",
        "ref": "nixos-unstable",
        "repo": "nixpkgs",
        "type": "github"
      }
    },
    "nixpkgs-lib_2": {
      "locked": {
        "lastModified": 1765674936,
        "narHash": "sha256-k00uTP4JNfmejrCLJOwdObYC9jHRrr/5M/a/8L2EIdo=",
        "owner": "nix-community",
        "repo": "nixpkgs.lib",
        "rev": "2075416fcb47225d9b68ac469a5c4801a9c4dd85",
        "type": "github"
      },
      "original": {
        "owner": "nix-community",
        "repo": "nixpkgs.lib",
        "type": "github"
      }
    },
    "nixpkgs_2": {
      "locked": {
        "lastModified": 1767799921,
        "narHash": "sha256-r4GVX+FToWVE2My8VVZH4V0pTIpnu2ZE8/Z4uxGEMBE=",
        "owner": "NixOS",
        "repo": "nixpkgs",
        "rev": "d351d0653aeb7877273920cd3e823994e7579b0b",
        "type": "github"
      },
      "original": {
        "owner": "NixOS",
        "ref": "nixos-25.11",
        "repo": "nixpkgs",
        "type": "github"
      }
    },
    "nixpkgs_3": {
      "locked": {
        "lastModified": 1762156382,
        "narHash": "sha256-Yg7Ag7ov5+36jEFC1DaZh/12SEXo6OO3/8rqADRxiqs=",
        "owner": "NixOS",
        "repo": "nixpkgs",
        "rev": "7241bcbb4f099a66aafca120d37c65e8dda32717",
        "type": "github"
      },
      "original": {
        "owner": "NixOS",
        "ref": "nixpkgs-unstable",
        "repo": "nixpkgs",
        "type": "github"
      }
    },
    "root": {
      "inputs": {
        "agda": "agda",
        "canonical": "canonical",
        "cubical": "cubical",
        "flake-utils": "flake-utils_2",
        "lean4-nix": "lean4-nix",
        "mathlib": "mathlib",
        "nixpkgs": "nixpkgs_3"
      }
    },
    "systems": {
      "locked": {
        "lastModified": 1681028828,
        "narHash": "sha256-Vy1rq5AaRuLzOxct8nz4T6wlgyUR7zLU309k9mBC768=",
        "owner": "nix-systems",
        "repo": "default",
        "rev": "da67096a3b9bf56a91d16901293e51ba5b49a27e",
        "type": "github"
      },
      "original": {
        "owner": "nix-systems",
        "repo": "default",
        "type": "github"
      }
    },
    "systems_2": {
      "locked": {
        "lastModified": 1681028828,
        "narHash": "sha256-Vy1rq5AaRuLzOxct8nz4T6wlgyUR7zLU309k9mBC768=",
        "owner": "nix-systems",
        "repo": "default",
        "rev": "da67096a3b9bf56a91d16901293e51ba5b49a27e",
        "type": "github"
      },
      "original": {
        "owner": "nix-systems",
        "repo": "default",
        "type": "github"
      }
    }
  },
  "root": "root",
  "version": 7
}
